uuid: 433d3fc9-35be-4eb3-9483-81df674e99ec
langcode: en
status: false
dependencies:
  module:
    - easy_booking_custom
  theme:
    - easy_booking_theme
_core:
  default_config_hash: MiXimQxsfRcYSPItLkCHYHz0gbPHUxo3ka2mxV5kWGw
id: easy_booking_theme_reservation_form_block
theme: easy_booking_theme
region: footer
weight: -12
provider: null
plugin: reservation_form_block
settings:
  id: reservation_form_block
  label: 'Reservation form block'
  provider: easy_booking_custom
  label_display: '0'
  context_mapping:
    node: '@node.node_route_context:node'
visibility: {  }
