uuid: ae0d677f-0d48-4137-8f5b-28a809fd87c1
langcode: en
status: false
dependencies:
  config:
    - views.view.about_us
  module:
    - system
    - views
  theme:
    - easy_booking_theme
_core:
  default_config_hash: 4lHIB10ybIrS1z5hd8000S8EtH_09jZ4syO6ohJA8Gg
id: easy_booking_theme_views_about_us_block
theme: easy_booking_theme
region: content
weight: -1
provider: null
plugin: 'views_block:about_us-about_us_block'
settings:
  id: 'views_block:about_us-about_us_block'
  label: 'About us'
  provider: views
  label_display: visible
  views_label: 'About us'
  items_per_page: none
visibility:
  request_path:
    id: request_path
    pages: '<front>'
    negate: false
    context_mapping: {  }
