uuid: dee64f39-1204-4fb2-b5e2-afb97f37157c
langcode: en
status: true
dependencies:
  module:
    - block_content
    - node
_core:
  default_config_hash: swbs-WT0kkAnSfU_MijJlZj9OSxfONFZAkiwXWv8vOw
id: node.field_block
field_name: field_block
entity_type: node
type: entity_reference
settings:
  target_type: block_content
module: core
locked: false
cardinality: 1
translatable: true
indexes: {  }
persist_with_no_fields: false
custom_storage: false
