langcode: en
status: true
dependencies:
  config:
    - views.view.rooms
  module:
    - system
    - views
  theme:
    - bartik
id: views_block__rooms_block
theme: bartik
region: content
weight: -6
provider: null
plugin: 'views_block:rooms-rooms_block'
settings:
  id: 'views_block:rooms-rooms_block'
  label: 'Welcome To Hotel'
  provider: views
  label_display: visible
  views_label: 'Welcome To Hotel'
  items_per_page: none
visibility:
  request_path:
    id: request_path
    pages: '<front>'
    negate: false
    context_mapping: {  }
