langcode: en
status: true
dependencies:
  module:
    - easy_booking_custom
    - system
  theme:
    - easy_booking_theme
id: easy_booking_theme_location_block
theme: easy_booking_theme
region: content
weight: -3
provider: null
plugin: location_block
settings:
  id: location_block
  label: Location
  provider: easy_booking_custom
  label_display: visible
  phone: "8‒800‒000‒000\L0"
  address: "80/8-12 Moo 7, Ban Lopareh, Pru Naai 82160, Thailand\L"
  title_text: 'We’re here to help and answer any question you might have. we look forward to hearing from you'
visibility:
  request_path:
    id: request_path
    pages: /rooms
    negate: false
    context_mapping: {  }
